// !$*UTF8*$!
{
	archiveVersion = 1;
	classes = {
	};
	objectVersion = 50;
	objects = {

/* Begin PBXBuildFile section */
		90401A602322EDAA008825B0 /* UserInfo.storyboard in Resources */ = {isa = PBXBuildFile; fileRef = 90401A5F2322EDAA008825B0 /* UserInfo.storyboard */; };
		90401A622322EE37008825B0 /* PolicyStatus.storyboard in Resources */ = {isa = PBXBuildFile; fileRef = 90401A612322EE37008825B0 /* PolicyStatus.storyboard */; };
		90401A642322F0DB008825B0 /* PolicyProposals.storyboard in Resources */ = {isa = PBXBuildFile; fileRef = 90401A632322F0DB008825B0 /* PolicyProposals.storyboard */; };
		90401A692324229C008825B0 /* PolicyStatusController.swift in Sources */ = {isa = PBXBuildFile; fileRef = 90401A682324229C008825B0 /* PolicyStatusController.swift */; };
		90401A6B23242502008825B0 /* PolicyProposalsController.swift in Sources */ = {isa = PBXBuildFile; fileRef = 90401A6A23242502008825B0 /* PolicyProposalsController.swift */; };
		90401A6D23242537008825B0 /* UserInfoController.swift in Sources */ = {isa = PBXBuildFile; fileRef = 90401A6C23242537008825B0 /* UserInfoController.swift */; };
		90401A6F23243DA9008825B0 /* IDVerification.storyboard in Resources */ = {isa = PBXBuildFile; fileRef = 90401A6E23243DA9008825B0 /* IDVerification.storyboard */; };
		90401A7123243E0D008825B0 /* IDVerificationController.swift in Sources */ = {isa = PBXBuildFile; fileRef = 90401A7023243E0D008825B0 /* IDVerificationController.swift */; };
		90401A7323243F19008825B0 /* IDVerificationInfo.swift in Sources */ = {isa = PBXBuildFile; fileRef = 90401A7223243F19008825B0 /* IDVerificationInfo.swift */; };
		905877CD231FDDBB00B8E3D1 /* AppDelegate.swift in Sources */ = {isa = PBXBuildFile; fileRef = 905877CC231FDDBB00B8E3D1 /* AppDelegate.swift */; };
		905877D4231FDDBC00B8E3D1 /* Assets.xcassets in Resources */ = {isa = PBXBuildFile; fileRef = 905877D3231FDDBC00B8E3D1 /* Assets.xcassets */; };
		905877D7231FDDBC00B8E3D1 /* LaunchScreen.storyboard in Resources */ = {isa = PBXBuildFile; fileRef = 905877D5231FDDBC00B8E3D1 /* LaunchScreen.storyboard */; };
		90817C772321240D0024C507 /* Main.storyboard in Resources */ = {isa = PBXBuildFile; fileRef = 90817C762321240D0024C507 /* Main.storyboard */; };
/* End PBXBuildFile section */

/* Begin PBXFileReference section */
		90401A5F2322EDAA008825B0 /* UserInfo.storyboard */ = {isa = PBXFileReference; lastKnownFileType = file.storyboard; path = UserInfo.storyboard; sourceTree = "<group>"; };
		90401A612322EE37008825B0 /* PolicyStatus.storyboard */ = {isa = PBXFileReference; lastKnownFileType = file.storyboard; path = PolicyStatus.storyboard; sourceTree = "<group>"; };
		90401A632322F0DB008825B0 /* PolicyProposals.storyboard */ = {isa = PBXFileReference; lastKnownFileType = file.storyboard; path = PolicyProposals.storyboard; sourceTree = "<group>"; };
		90401A682324229C008825B0 /* PolicyStatusController.swift */ = {isa = PBXFileReference; lastKnownFileType = sourcecode.swift; path = PolicyStatusController.swift; sourceTree = "<group>"; };
		90401A6A23242502008825B0 /* PolicyProposalsController.swift */ = {isa = PBXFileReference; lastKnownFileType = sourcecode.swift; path = PolicyProposalsController.swift; sourceTree = "<group>"; };
		90401A6C23242537008825B0 /* UserInfoController.swift */ = {isa = PBXFileReference; lastKnownFileType = sourcecode.swift; path = UserInfoController.swift; sourceTree = "<group>"; };
		90401A6E23243DA9008825B0 /* IDVerification.storyboard */ = {isa = PBXFileReference; lastKnownFileType = file.storyboard; path = IDVerification.storyboard; sourceTree = "<group>"; };
		90401A7023243E0D008825B0 /* IDVerificationController.swift */ = {isa = PBXFileReference; lastKnownFileType = sourcecode.swift; path = IDVerificationController.swift; sourceTree = "<group>"; };
		90401A7223243F19008825B0 /* IDVerificationInfo.swift */ = {isa = PBXFileReference; lastKnownFileType = sourcecode.swift; path = IDVerificationInfo.swift; sourceTree = "<group>"; };
		905877C9231FDDBB00B8E3D1 /* wageulSeoul.app */ = {isa = PBXFileReference; explicitFileType = wrapper.application; includeInIndex = 0; path = wageulSeoul.app; sourceTree = BUILT_PRODUCTS_DIR; };
		905877CC231FDDBB00B8E3D1 /* AppDelegate.swift */ = {isa = PBXFileReference; lastKnownFileType = sourcecode.swift; path = AppDelegate.swift; sourceTree = "<group>"; };
		905877D3231FDDBC00B8E3D1 /* Assets.xcassets */ = {isa = PBXFileReference; lastKnownFileType = folder.assetcatalog; path = Assets.xcassets; sourceTree = "<group>"; };
		905877D6231FDDBC00B8E3D1 /* Base */ = {isa = PBXFileReference; lastKnownFileType = file.storyboard; name = Base; path = Base.lproj/LaunchScreen.storyboard; sourceTree = "<group>"; };
		905877D8231FDDBC00B8E3D1 /* Info.plist */ = {isa = PBXFileReference; lastKnownFileType = text.plist.xml; path = Info.plist; sourceTree = "<group>"; };
		90817C762321240D0024C507 /* Main.storyboard */ = {isa = PBXFileReference; lastKnownFileType = file.storyboard; path = Main.storyboard; sourceTree = "<group>"; };
/* End PBXFileReference section */

/* Begin PBXFrameworksBuildPhase section */
		905877C6231FDDBB00B8E3D1 /* Frameworks */ = {
			isa = PBXFrameworksBuildPhase;
			buildActionMask = 2147483647;
			files = (
			);
			runOnlyForDeploymentPostprocessing = 0;
		};
/* End PBXFrameworksBuildPhase section */

/* Begin PBXGroup section */
		90401A5E2322ED4D008825B0 /* Views */ = {
			isa = PBXGroup;
			children = (
				905877D5231FDDBC00B8E3D1 /* LaunchScreen.storyboard */,
				90817C762321240D0024C507 /* Main.storyboard */,
				90401A612322EE37008825B0 /* PolicyStatus.storyboard */,
				90401A632322F0DB008825B0 /* PolicyProposals.storyboard */,
				90401A5F2322EDAA008825B0 /* UserInfo.storyboard */,
				90401A6E23243DA9008825B0 /* IDVerification.storyboard */,
			);
			path = Views;
			sourceTree = "<group>";
		};
		90401A6623242196008825B0 /* Controllers */ = {
			isa = PBXGroup;
			children = (
				90401A682324229C008825B0 /* PolicyStatusController.swift */,
				90401A6A23242502008825B0 /* PolicyProposalsController.swift */,
				90401A6C23242537008825B0 /* UserInfoController.swift */,
				90401A7023243E0D008825B0 /* IDVerificationController.swift */,
			);
			path = Controllers;
			sourceTree = "<group>";
		};
		90401A6723242202008825B0 /* Models */ = {
			isa = PBXGroup;
			children = (
				90401A7223243F19008825B0 /* IDVerificationInfo.swift */,
			);
			path = Models;
			sourceTree = "<group>";
		};
		90401A7423264261008825B0 /* Supporting Fiiles */ = {
			isa = PBXGroup;
			children = (
				905877D3231FDDBC00B8E3D1 /* Assets.xcassets */,
				905877CC231FDDBB00B8E3D1 /* AppDelegate.swift */,
				905877D8231FDDBC00B8E3D1 /* Info.plist */,
			);
			path = "Supporting Fiiles";
			sourceTree = "<group>";
		};
		905877C0231FDDBB00B8E3D1 = {
			isa = PBXGroup;
			children = (
				905877CB231FDDBB00B8E3D1 /* wageulSeoul */,
			);
			sourceTree = "<group>";
		};
		905877CA231FDDBB00B8E3D1 /* Products */ = {
			isa = PBXGroup;
			children = (
				905877C9231FDDBB00B8E3D1 /* wageulSeoul.app */,
			);
			name = Products;
			path = ..;
			sourceTree = "<group>";
		};
		905877CB231FDDBB00B8E3D1 /* wageulSeoul */ = {
			isa = PBXGroup;
			children = (
				90401A6723242202008825B0 /* Models */,
				90401A5E2322ED4D008825B0 /* Views */,
				90401A6623242196008825B0 /* Controllers */,
				90401A7423264261008825B0 /* Supporting Fiiles */,
				905877CA231FDDBB00B8E3D1 /* Products */,
			);
			path = wageulSeoul;
			sourceTree = "<group>";
		};
/* End PBXGroup section */

/* Begin PBXNativeTarget section */
		905877C8231FDDBB00B8E3D1 /* wageulSeoul */ = {
			isa = PBXNativeTarget;
			buildConfigurationList = 905877DB231FDDBC00B8E3D1 /* Build configuration list for PBXNativeTarget "wageulSeoul" */;
			buildPhases = (
				905877C5231FDDBB00B8E3D1 /* Sources */,
				905877C6231FDDBB00B8E3D1 /* Frameworks */,
				905877C7231FDDBB00B8E3D1 /* Resources */,
			);
			buildRules = (
			);
			dependencies = (
			);
			name = wageulSeoul;
			productName = wageulSeoul;
			productReference = 905877C9231FDDBB00B8E3D1 /* wageulSeoul.app */;
			productType = "com.apple.product-type.application";
		};
/* End PBXNativeTarget section */

/* Begin PBXProject section */
		905877C1231FDDBB00B8E3D1 /* Project object */ = {
			isa = PBXProject;
			attributes = {
				LastSwiftUpdateCheck = 1030;
				LastUpgradeCheck = 1030;
				ORGANIZATIONNAME = HSH;
				TargetAttributes = {
					905877C8231FDDBB00B8E3D1 = {
						CreatedOnToolsVersion = 10.3;
					};
				};
			};
			buildConfigurationList = 905877C4231FDDBB00B8E3D1 /* Build configuration list for PBXProject "wageulSeoul" */;
			compatibilityVersion = "Xcode 9.3";
			developmentRegion = en;
			hasScannedForEncodings = 0;
			knownRegions = (
				en,
				Base,
			);
			mainGroup = 905877C0231FDDBB00B8E3D1;
			productRefGroup = 905877CA231FDDBB00B8E3D1 /* Products */;
			projectDirPath = "";
			projectRoot = "";
			targets = (
				905877C8231FDDBB00B8E3D1 /* wageulSeoul */,
			);
		};
/* End PBXProject section */

/* Begin PBXResourcesBuildPhase section */
		905877C7231FDDBB00B8E3D1 /* Resources */ = {
			isa = PBXResourcesBuildPhase;
			buildActionMask = 2147483647;
			files = (
				905877D7231FDDBC00B8E3D1 /* LaunchScreen.storyboard in Resources */,
				90401A602322EDAA008825B0 /* UserInfo.storyboard in Resources */,
				90401A642322F0DB008825B0 /* PolicyProposals.storyboard in Resources */,
				90817C772321240D0024C507 /* Main.storyboard in Resources */,
				90401A6F23243DA9008825B0 /* IDVerification.storyboard in Resources */,
				905877D4231FDDBC00B8E3D1 /* Assets.xcassets in Resources */,
				90401A622322EE37008825B0 /* PolicyStatus.storyboard in Resources */,
			);
			runOnlyForDeploymentPostprocessing = 0;
		};
/* End PBXResourcesBuildPhase section */

/* Begin PBXSourcesBuildPhase section */
		905877C5231FDDBB00B8E3D1 /* Sources */ = {
			isa = PBXSourcesBuildPhase;
			buildActionMask = 2147483647;
			files = (
				90401A6D23242537008825B0 /* UserInfoController.swift in Sources */,
				905877CD231FDDBB00B8E3D1 /* AppDelegate.swift in Sources */,
				90401A6B23242502008825B0 /* PolicyProposalsController.swift in Sources */,
				90401A692324229C008825B0 /* PolicyStatusController.swift in Sources */,
				90401A7123243E0D008825B0 /* IDVerificationController.swift in Sources */,
				90401A7323243F19008825B0 /* IDVerificationInfo.swift in Sources */,
			);
			runOnlyForDeploymentPostprocessing = 0;
		};
/* End PBXSourcesBuildPhase section */

/* Begin PBXVariantGroup section */
		905877D5231FDDBC00B8E3D1 /* LaunchScreen.storyboard */ = {
			isa = PBXVariantGroup;
			children = (
				905877D6231FDDBC00B8E3D1 /* Base */,
			);
			name = LaunchScreen.storyboard;
			sourceTree = "<group>";
		};
/* End PBXVariantGroup section */

/* Begin XCBuildConfiguration section */
		905877D9231FDDBC00B8E3D1 /* Debug */ = {
			isa = XCBuildConfiguration;
			buildSettings = {
				ALWAYS_SEARCH_USER_PATHS = NO;
				CLANG_ANALYZER_NONNULL = YES;
				CLANG_ANALYZER_NUMBER_OBJECT_CONVERSION = YES_AGGRESSIVE;
				CLANG_CXX_LANGUAGE_STANDARD = "gnu++14";
				CLANG_CXX_LIBRARY = "libc++";
				CLANG_ENABLE_MODULES = YES;
				CLANG_ENABLE_OBJC_ARC = YES;
				CLANG_ENABLE_OBJC_WEAK = YES;
				CLANG_WARN_BLOCK_CAPTURE_AUTORELEASING = YES;
				CLANG_WARN_BOOL_CONVERSION = YES;
				CLANG_WARN_COMMA = YES;
				CLANG_WARN_CONSTANT_CONVERSION = YES;
				CLANG_WARN_DEPRECATED_OBJC_IMPLEMENTATIONS = YES;
				CLANG_WARN_DIRECT_OBJC_ISA_USAGE = YES_ERROR;
				CLANG_WARN_DOCUMENTATION_COMMENTS = YES;
				CLANG_WARN_EMPTY_BODY = YES;
				CLANG_WARN_ENUM_CONVERSION = YES;
				CLANG_WARN_INFINITE_RECURSION = YES;
				CLANG_WARN_INT_CONVERSION = YES;
				CLANG_WARN_NON_LITERAL_NULL_CONVERSION = YES;
				CLANG_WARN_OBJC_IMPLICIT_RETAIN_SELF = YES;
				CLANG_WARN_OBJC_LITERAL_CONVERSION = YES;
				CLANG_WARN_OBJC_ROOT_CLASS = YES_ERROR;
				CLANG_WARN_RANGE_LOOP_ANALYSIS = YES;
				CLANG_WARN_STRICT_PROTOTYPES = YES;
				CLANG_WARN_SUSPICIOUS_MOVE = YES;
				CLANG_WARN_UNGUARDED_AVAILABILITY = YES_AGGRESSIVE;
				CLANG_WARN_UNREACHABLE_CODE = YES;
				CLANG_WARN__DUPLICATE_METHOD_MATCH = YES;
				CODE_SIGN_IDENTITY = "iPhone Developer";
				COPY_PHASE_STRIP = NO;
				DEBUG_INFORMATION_FORMAT = dwarf;
				ENABLE_STRICT_OBJC_MSGSEND = YES;
				ENABLE_TESTABILITY = YES;
				GCC_C_LANGUAGE_STANDARD = gnu11;
				GCC_DYNAMIC_NO_PIC = NO;
				GCC_NO_COMMON_BLOCKS = YES;
				GCC_OPTIMIZATION_LEVEL = 0;
				GCC_PREPROCESSOR_DEFINITIONS = (
					"DEBUG=1",
					"$(inherited)",
				);
				GCC_WARN_64_TO_32_BIT_CONVERSION = YES;
				GCC_WARN_ABOUT_RETURN_TYPE = YES_ERROR;
				GCC_WARN_UNDECLARED_SELECTOR = YES;
				GCC_WARN_UNINITIALIZED_AUTOS = YES_AGGRESSIVE;
				GCC_WARN_UNUSED_FUNCTION = YES;
				GCC_WARN_UNUSED_VARIABLE = YES;
				IPHONEOS_DEPLOYMENT_TARGET = 12.4;
				MTL_ENABLE_DEBUG_INFO = INCLUDE_SOURCE;
				MTL_FAST_MATH = YES;
				ONLY_ACTIVE_ARCH = YES;
				SDKROOT = iphoneos;
				SWIFT_ACTIVE_COMPILATION_CONDITIONS = DEBUG;
				SWIFT_OPTIMIZATION_LEVEL = "-Onone";
			};
			name = Debug;
		};
		905877DA231FDDBC00B8E3D1 /* Release */ = {
			isa = XCBuildConfiguration;
			buildSettings = {
				ALWAYS_SEARCH_USER_PATHS = NO;
				CLANG_ANALYZER_NONNULL = YES;
				CLANG_ANALYZER_NUMBER_OBJECT_CONVERSION = YES_AGGRESSIVE;
				CLANG_CXX_LANGUAGE_STANDARD = "gnu++14";
				CLANG_CXX_LIBRARY = "libc++";
				CLANG_ENABLE_MODULES = YES;
				CLANG_ENABLE_OBJC_ARC = YES;
				CLANG_ENABLE_OBJC_WEAK = YES;
				CLANG_WARN_BLOCK_CAPTURE_AUTORELEASING = YES;
				CLANG_WARN_BOOL_CONVERSION = YES;
				CLANG_WARN_COMMA = YES;
				CLANG_WARN_CONSTANT_CONVERSION = YES;
				CLANG_WARN_DEPRECATED_OBJC_IMPLEMENTATIONS = YES;
				CLANG_WARN_DIRECT_OBJC_ISA_USAGE = YES_ERROR;
				CLANG_WARN_DOCUMENTATION_COMMENTS = YES;
				CLANG_WARN_EMPTY_BODY = YES;
				CLANG_WARN_ENUM_CONVERSION = YES;
				CLANG_WARN_INFINITE_RECURSION = YES;
				CLANG_WARN_INT_CONVERSION = YES;
				CLANG_WARN_NON_LITERAL_NULL_CONVERSION = YES;
				CLANG_WARN_OBJC_IMPLICIT_RETAIN_SELF = YES;
				CLANG_WARN_OBJC_LITERAL_CONVERSION = YES;
				CLANG_WARN_OBJC_ROOT_CLASS = YES_ERROR;
				CLANG_WARN_RANGE_LOOP_ANALYSIS = YES;
				CLANG_WARN_STRICT_PROTOTYPES = YES;
				CLANG_WARN_SUSPICIOUS_MOVE = YES;
				CLANG_WARN_UNGUARDED_AVAILABILITY = YES_AGGRESSIVE;
				CLANG_WARN_UNREACHABLE_CODE = YES;
				CLANG_WARN__DUPLICATE_METHOD_MATCH = YES;
				CODE_SIGN_IDENTITY = "iPhone Developer";
				COPY_PHASE_STRIP = NO;
				DEBUG_INFORMATION_FORMAT = "dwarf-with-dsym";
				ENABLE_NS_ASSERTIONS = NO;
				ENABLE_STRICT_OBJC_MSGSEND = YES;
				GCC_C_LANGUAGE_STANDARD = gnu11;
				GCC_NO_COMMON_BLOCKS = YES;
				GCC_WARN_64_TO_32_BIT_CONVERSION = YES;
				GCC_WARN_ABOUT_RETURN_TYPE = YES_ERROR;
				GCC_WARN_UNDECLARED_SELECTOR = YES;
				GCC_WARN_UNINITIALIZED_AUTOS = YES_AGGRESSIVE;
				GCC_WARN_UNUSED_FUNCTION = YES;
				GCC_WARN_UNUSED_VARIABLE = YES;
				IPHONEOS_DEPLOYMENT_TARGET = 12.4;
				MTL_ENABLE_DEBUG_INFO = NO;
				MTL_FAST_MATH = YES;
				SDKROOT = iphoneos;
				SWIFT_COMPILATION_MODE = wholemodule;
				SWIFT_OPTIMIZATION_LEVEL = "-O";
				VALIDATE_PRODUCT = YES;
			};
			name = Release;
		};
		905877DC231FDDBC00B8E3D1 /* Debug */ = {
			isa = XCBuildConfiguration;
			buildSettings = {
				ASSETCATALOG_COMPILER_APPICON_NAME = AppIcon;
				CODE_SIGN_STYLE = Automatic;
				DEVELOPMENT_TEAM = LY87Q8728H;
				INFOPLIST_FILE = wageulSeoul/Info.plist;
				LD_RUNPATH_SEARCH_PATHS = (
					"$(inherited)",
					"@executable_path/Frameworks",
				);
				PRODUCT_BUNDLE_IDENTIFIER = ajouuniv.shhan.wageulSeoul;
				PRODUCT_NAME = "$(TARGET_NAME)";
				SWIFT_VERSION = 5.0;
				TARGETED_DEVICE_FAMILY = "1,2";
			};
			name = Debug;
		};
		905877DD231FDDBC00B8E3D1 /* Release */ = {
			isa = XCBuildConfiguration;
			buildSettings = {
				ASSETCATALOG_COMPILER_APPICON_NAME = AppIcon;
				CODE_SIGN_STYLE = Automatic;
				DEVELOPMENT_TEAM = LY87Q8728H;
				INFOPLIST_FILE = wageulSeoul/Info.plist;
				LD_RUNPATH_SEARCH_PATHS = (
					"$(inherited)",
					"@executable_path/Frameworks",
				);
				PRODUCT_BUNDLE_IDENTIFIER = ajouuniv.shhan.wageulSeoul;
				PRODUCT_NAME = "$(TARGET_NAME)";
				SWIFT_VERSION = 5.0;
				TARGETED_DEVICE_FAMILY = "1,2";
			};
			name = Release;
		};
/* End XCBuildConfiguration section */

/* Begin XCConfigurationList section */
		905877C4231FDDBB00B8E3D1 /* Build configuration list for PBXProject "wageulSeoul" */ = {
			isa = XCConfigurationList;
			buildConfigurations = (
				905877D9231FDDBC00B8E3D1 /* Debug */,
				905877DA231FDDBC00B8E3D1 /* Release */,
			);
			defaultConfigurationIsVisible = 0;
			defaultConfigurationName = Release;
		};
		905877DB231FDDBC00B8E3D1 /* Build configuration list for PBXNativeTarget "wageulSeoul" */ = {
			isa = XCConfigurationList;
			buildConfigurations = (
				905877DC231FDDBC00B8E3D1 /* Debug */,
				905877DD231FDDBC00B8E3D1 /* Release */,
			);
			defaultConfigurationIsVisible = 0;
			defaultConfigurationName = Release;
		};
/* End XCConfigurationList section */
	};
	rootObject = 905877C1231FDDBB00B8E3D1 /* Project object */;
}
